
Microsoft Visual Studio Solution File, Format Version 12.00
# Visual Studio Version 17
VisualStudioVersion = 17.12.35527.113 d17.12
MinimumVisualStudioVersion = 10.0.40219.1
Project("{8BC9CEB8-8B4A-11D0-8D11-00A0C91BC942}") = "CG2", "CG2.vcxproj", "{4D89C368-1D07-4DB1-A8EA-EE57F16D2B01}"
EndProject
Project("{2150E333-8FDC-42A3-9474-1A3956D46DE8}") = "ソリューション項目", "ソリューション項目", "{208680E4-4B5D-4B02-8441-31501DAE170C}"
	ProjectSection(SolutionItems) = preProject
		.editorconfig = .editorconfig
	EndProjectSection
EndProject
Global
	GlobalSection(SolutionConfigurationPlatforms) = preSolution
		Debug|x64 = Debug|x64
		Release|x64 = Release|x64
	EndGlobalSection
	GlobalSection(ProjectConfigurationPlatforms) = postSolution
		{4D89C368-1D07-4DB1-A8EA-EE57F16D2B01}.Debug|x64.ActiveCfg = Debug|x64
		{4D89C368-1D07-4DB1-A8EA-EE57F16D2B01}.Debug|x64.Build.0 = Debug|x64
		{4D89C368-1D07-4DB1-A8EA-EE57F16D2B01}.Release|x64.ActiveCfg = Release|x64
		{4D89C368-1D07-4DB1-A8EA-EE57F16D2B01}.Release|x64.Build.0 = Release|x64
	EndGlobalSection
	GlobalSection(SolutionProperties) = preSolution
		HideSolutionNode = FALSE
	EndGlobalSection
EndGlobal
